
Microsoft Visual Studio Solution File, Format Version 12.00
# Visual Studio Version 17
VisualStudioVersion = 17.0.31903.59
MinimumVisualStudioVersion = 10.0.40219.1
Project("{FAE04EC0-301F-11D3-BF4B-00C04F79EFBC}") = "Bank.Domain", "Bank.Domain\Bank.Domain.csproj", "{5CDDC6C3-825B-4F0A-85B1-DAB1C99239D5}"
EndProject
Project("{FAE04EC0-301F-11D3-BF4B-00C04F79EFBC}") = "Bank.Domain.Tests", "Bank.Domain.Tests\Bank.Domain.Tests.csproj", "{2B882C30-CF99-47F0-AE3B-7E062237FAEF}"
EndProject
Global
	GlobalSection(SolutionConfigurationPlatforms) = preSolution
		Debug|Any CPU = Debug|Any CPU
		Release|Any CPU = Release|Any CPU
	EndGlobalSection
	GlobalSection(SolutionProperties) = preSolution
		HideSolutionNode = FALSE
	EndGlobalSection
	GlobalSection(ProjectConfigurationPlatforms) = postSolution
		{5CDDC6C3-825B-4F0A-85B1-DAB1C99239D5}.Debug|Any CPU.ActiveCfg = Debug|Any CPU
		{5CDDC6C3-825B-4F0A-85B1-DAB1C99239D5}.Debug|Any CPU.Build.0 = Debug|Any CPU
		{5CDDC6C3-825B-4F0A-85B1-DAB1C99239D5}.Release|Any CPU.ActiveCfg = Release|Any CPU
		{5CDDC6C3-825B-4F0A-85B1-DAB1C99239D5}.Release|Any CPU.Build.0 = Release|Any CPU
		{2B882C30-CF99-47F0-AE3B-7E062237FAEF}.Debug|Any CPU.ActiveCfg = Debug|Any CPU
		{2B882C30-CF99-47F0-AE3B-7E062237FAEF}.Debug|Any CPU.Build.0 = Debug|Any CPU
		{2B882C30-CF99-47F0-AE3B-7E062237FAEF}.Release|Any CPU.ActiveCfg = Release|Any CPU
		{2B882C30-CF99-47F0-AE3B-7E062237FAEF}.Release|Any CPU.Build.0 = Release|Any CPU
	EndGlobalSection
EndGlobal
